
Microsoft Visual Studio Solution File, Format Version 12.00
# Visual Studio Version 17
VisualStudioVersion = 17.2.32516.85
MinimumVisualStudioVersion = 10.0.40219.1
Project("{FAE04EC0-301F-11D3-BF4B-00C04F79EFBC}") = "Bank V2", "Bank V2\Bank V2.csproj", "{53037986-ACD5-4F0A-A7A5-DD885BD2C578}"
EndProject
Global
	GlobalSection(SolutionConfigurationPlatforms) = preSolution
		Debug|Any CPU = Debug|Any CPU
		Release|Any CPU = Release|Any CPU
	EndGlobalSection
	GlobalSection(ProjectConfigurationPlatforms) = postSolution
		{53037986-ACD5-4F0A-A7A5-DD885BD2C578}.Debug|Any CPU.ActiveCfg = Debug|Any CPU
		{53037986-ACD5-4F0A-A7A5-DD885BD2C578}.Debug|Any CPU.Build.0 = Debug|Any CPU
		{53037986-ACD5-4F0A-A7A5-DD885BD2C578}.Release|Any CPU.ActiveCfg = Release|Any CPU
		{53037986-ACD5-4F0A-A7A5-DD885BD2C578}.Release|Any CPU.Build.0 = Release|Any CPU
	EndGlobalSection
	GlobalSection(SolutionProperties) = preSolution
		HideSolutionNode = FALSE
	EndGlobalSection
	GlobalSection(ExtensibilityGlobals) = postSolution
		SolutionGuid = {0CFEF5AE-C324-4E55-9F17-22A87D5ECB7B}
	EndGlobalSection
EndGlobal
